// !$*UTF8*$!
{
	archiveVersion = 1;
	classes = {
	};
	objectVersion = 46;
	objects = {

/* Begin PBXBuildFile section */
		F02685261DD2C6F500ACC668 /* AppDelegate.swift in Sources */ = {isa = PBXBuildFile; fileRef = F02685251DD2C6F500ACC668 /* AppDelegate.swift */; };
		F02685281DD2C6F500ACC668 /* ViewController.swift in Sources */ = {isa = PBXBuildFile; fileRef = F02685271DD2C6F500ACC668 /* ViewController.swift */; };
		F026852B1DD2C6F500ACC668 /* Main.storyboard in Resources */ = {isa = PBXBuildFile; fileRef = F02685291DD2C6F500ACC668 /* Main.storyboard */; };
		F026852D1DD2C6F500ACC668 /* Assets.xcassets in Resources */ = {isa = PBXBuildFile; fileRef = F026852C1DD2C6F500ACC668 /* Assets.xcassets */; };
		F02685301DD2C6F500ACC668 /* LaunchScreen.storyboard in Resources */ = {isa = PBXBuildFile; fileRef = F026852E1DD2C6F500ACC668 /* LaunchScreen.storyboard */; };
		F026853B1DD2C6F500ACC668 /* UIImagePickerForImageDemoTests.swift in Sources */ = {isa = PBXBuildFile; fileRef = F026853A1DD2C6F500ACC668 /* UIImagePickerForImageDemoTests.swift */; };
		F02685461DD2C6F500ACC668 /* UIImagePickerForImageDemoUITests.swift in Sources */ = {isa = PBXBuildFile; fileRef = F02685451DD2C6F500ACC668 /* UIImagePickerForImageDemoUITests.swift */; };
		F026858E1DD2CC9100ACC668 /* background.png in Resources */ = {isa = PBXBuildFile; fileRef = F026858D1DD2CC9100ACC668 /* background.png */; };
/* End PBXBuildFile section */

/* Begin PBXContainerItemProxy section */
		F02685371DD2C6F500ACC668 /* PBXContainerItemProxy */ = {
			isa = PBXContainerItemProxy;
			containerPortal = F026851A1DD2C6F500ACC668 /* Project object */;
			proxyType = 1;
			remoteGlobalIDString = F02685211DD2C6F500ACC668;
			remoteInfo = UIImagePickerForImageDemo;
		};
		F02685421DD2C6F500ACC668 /* PBXContainerItemProxy */ = {
			isa = PBXContainerItemProxy;
			containerPortal = F026851A1DD2C6F500ACC668 /* Project object */;
			proxyType = 1;
			remoteGlobalIDString = F02685211DD2C6F500ACC668;
			remoteInfo = UIImagePickerForImageDemo;
		};
/* End PBXContainerItemProxy section */

/* Begin PBXFileReference section */
		F02685221DD2C6F500ACC668 /* UIImagePickerForImageDemo.app */ = {isa = PBXFileReference; explicitFileType = wrapper.application; includeInIndex = 0; path = UIImagePickerForImageDemo.app; sourceTree = BUILT_PRODUCTS_DIR; };
		F02685251DD2C6F500ACC668 /* AppDelegate.swift */ = {isa = PBXFileReference; lastKnownFileType = sourcecode.swift; path = AppDelegate.swift; sourceTree = "<group>"; };
		F02685271DD2C6F500ACC668 /* ViewController.swift */ = {isa = PBXFileReference; lastKnownFileType = sourcecode.swift; path = ViewController.swift; sourceTree = "<group>"; };
		F026852A1DD2C6F500ACC668 /* Base */ = {isa = PBXFileReference; lastKnownFileType = file.storyboard; name = Base; path = Base.lproj/Main.storyboard; sourceTree = "<group>"; };
		F026852C1DD2C6F500ACC668 /* Assets.xcassets */ = {isa = PBXFileReference; lastKnownFileType = folder.assetcatalog; path = Assets.xcassets; sourceTree = "<group>"; };
		F026852F1DD2C6F500ACC668 /* Base */ = {isa = PBXFileReference; lastKnownFileType = file.storyboard; name = Base; path = Base.lproj/LaunchScreen.storyboard; sourceTree = "<group>"; };
		F02685311DD2C6F500ACC668 /* Info.plist */ = {isa = PBXFileReference; lastKnownFileType = text.plist.xml; path = Info.plist; sourceTree = "<group>"; };
		F02685361DD2C6F500ACC668 /* UIImagePickerForImageDemoTests.xctest */ = {isa = PBXFileReference; explicitFileType = wrapper.cfbundle; includeInIndex = 0; path = UIImagePickerForImageDemoTests.xctest; sourceTree = BUILT_PRODUCTS_DIR; };
		F026853A1DD2C6F500ACC668 /* UIImagePickerForImageDemoTests.swift */ = {isa = PBXFileReference; lastKnownFileType = sourcecode.swift; path = UIImagePickerForImageDemoTests.swift; sourceTree = "<group>"; };
		F026853C1DD2C6F500ACC668 /* Info.plist */ = {isa = PBXFileReference; lastKnownFileType = text.plist.xml; path = Info.plist; sourceTree = "<group>"; };
		F02685411DD2C6F500ACC668 /* UIImagePickerForImageDemoUITests.xctest */ = {isa = PBXFileReference; explicitFileType = wrapper.cfbundle; includeInIndex = 0; path = UIImagePickerForImageDemoUITests.xctest; sourceTree = BUILT_PRODUCTS_DIR; };
		F02685451DD2C6F500ACC668 /* UIImagePickerForImageDemoUITests.swift */ = {isa = PBXFileReference; lastKnownFileType = sourcecode.swift; path = UIImagePickerForImageDemoUITests.swift; sourceTree = "<group>"; };
		F02685471DD2C6F500ACC668 /* Info.plist */ = {isa = PBXFileReference; lastKnownFileType = text.plist.xml; path = Info.plist; sourceTree = "<group>"; };
		F026858D1DD2CC9100ACC668 /* background.png */ = {isa = PBXFileReference; lastKnownFileType = image.png; path = background.png; sourceTree = "<group>"; };
/* End PBXFileReference section */

/* Begin PBXFrameworksBuildPhase section */
		F026851F1DD2C6F500ACC668 /* Frameworks */ = {
			isa = PBXFrameworksBuildPhase;
			buildActionMask = 2147483647;
			files = (
			);
			runOnlyForDeploymentPostprocessing = 0;
		};
		F02685331DD2C6F500ACC668 /* Frameworks */ = {
			isa = PBXFrameworksBuildPhase;
			buildActionMask = 2147483647;
			files = (
			);
			runOnlyForDeploymentPostprocessing = 0;
		};
		F026853E1DD2C6F500ACC668 /* Frameworks */ = {
			isa = PBXFrameworksBuildPhase;
			buildActionMask = 2147483647;
			files = (
			);
			runOnlyForDeploymentPostprocessing = 0;
		};
/* End PBXFrameworksBuildPhase section */

/* Begin PBXGroup section */
		F02685191DD2C6F500ACC668 = {
			isa = PBXGroup;
			children = (
				F02685241DD2C6F500ACC668 /* UIImagePickerForImageDemo */,
				F02685391DD2C6F500ACC668 /* UIImagePickerForImageDemoTests */,
				F02685441DD2C6F500ACC668 /* UIImagePickerForImageDemoUITests */,
				F02685231DD2C6F500ACC668 /* Products */,
			);
			sourceTree = "<group>";
		};
		F02685231DD2C6F500ACC668 /* Products */ = {
			isa = PBXGroup;
			children = (
				F02685221DD2C6F500ACC668 /* UIImagePickerForImageDemo.app */,
				F02685361DD2C6F500ACC668 /* UIImagePickerForImageDemoTests.xctest */,
				F02685411DD2C6F500ACC668 /* UIImagePickerForImageDemoUITests.xctest */,
			);
			name = Products;
			sourceTree = "<group>";
		};
		F02685241DD2C6F500ACC668 /* UIImagePickerForImageDemo */ = {
			isa = PBXGroup;
			children = (
				F026858D1DD2CC9100ACC668 /* background.png */,
				F02685251DD2C6F500ACC668 /* AppDelegate.swift */,
				F02685271DD2C6F500ACC668 /* ViewController.swift */,
				F02685291DD2C6F500ACC668 /* Main.storyboard */,
				F026852C1DD2C6F500ACC668 /* Assets.xcassets */,
				F026852E1DD2C6F500ACC668 /* LaunchScreen.storyboard */,
				F02685311DD2C6F500ACC668 /* Info.plist */,
			);
			path = UIImagePickerForImageDemo;
			sourceTree = "<group>";
		};
		F02685391DD2C6F500ACC668 /* UIImagePickerForImageDemoTests */ = {
			isa = PBXGroup;
			children = (
				F026853A1DD2C6F500ACC668 /* UIImagePickerForImageDemoTests.swift */,
				F026853C1DD2C6F500ACC668 /* Info.plist */,
			);
			path = UIImagePickerForImageDemoTests;
			sourceTree = "<group>";
		};
		F02685441DD2C6F500ACC668 /* UIImagePickerForImageDemoUITests */ = {
			isa = PBXGroup;
			children = (
				F02685451DD2C6F500ACC668 /* UIImagePickerForImageDemoUITests.swift */,
				F02685471DD2C6F500ACC668 /* Info.plist */,
			);
			path = UIImagePickerForImageDemoUITests;
			sourceTree = "<group>";
		};
/* End PBXGroup section */

/* Begin PBXNativeTarget section */
		F02685211DD2C6F500ACC668 /* UIImagePickerForImageDemo */ = {
			isa = PBXNativeTarget;
			buildConfigurationList = F026854A1DD2C6F500ACC668 /* Build configuration list for PBXNativeTarget "UIImagePickerForImageDemo" */;
			buildPhases = (
				F026851E1DD2C6F500ACC668 /* Sources */,
				F026851F1DD2C6F500ACC668 /* Frameworks */,
				F02685201DD2C6F500ACC668 /* Resources */,
			);
			buildRules = (
			);
			dependencies = (
			);
			name = UIImagePickerForImageDemo;
			productName = UIImagePickerForImageDemo;
			productReference = F02685221DD2C6F500ACC668 /* UIImagePickerForImageDemo.app */;
			productType = "com.apple.product-type.application";
		};
		F02685351DD2C6F500ACC668 /* UIImagePickerForImageDemoTests */ = {
			isa = PBXNativeTarget;
			buildConfigurationList = F026854D1DD2C6F500ACC668 /* Build configuration list for PBXNativeTarget "UIImagePickerForImageDemoTests" */;
			buildPhases = (
				F02685321DD2C6F500ACC668 /* Sources */,
				F02685331DD2C6F500ACC668 /* Frameworks */,
				F02685341DD2C6F500ACC668 /* Resources */,
			);
			buildRules = (
			);
			dependencies = (
				F02685381DD2C6F500ACC668 /* PBXTargetDependency */,
			);
			name = UIImagePickerForImageDemoTests;
			productName = UIImagePickerForImageDemoTests;
			productReference = F02685361DD2C6F500ACC668 /* UIImagePickerForImageDemoTests.xctest */;
			productType = "com.apple.product-type.bundle.unit-test";
		};
		F02685401DD2C6F500ACC668 /* UIImagePickerForImageDemoUITests */ = {
			isa = PBXNativeTarget;
			buildConfigurationList = F02685501DD2C6F500ACC668 /* Build configuration list for PBXNativeTarget "UIImagePickerForImageDemoUITests" */;
			buildPhases = (
				F026853D1DD2C6F500ACC668 /* Sources */,
				F026853E1DD2C6F500ACC668 /* Frameworks */,
				F026853F1DD2C6F500ACC668 /* Resources */,
			);
			buildRules = (
			);
			dependencies = (
				F02685431DD2C6F500ACC668 /* PBXTargetDependency */,
			);
			name = UIImagePickerForImageDemoUITests;
			productName = UIImagePickerForImageDemoUITests;
			productReference = F02685411DD2C6F500ACC668 /* UIImagePickerForImageDemoUITests.xctest */;
			productType = "com.apple.product-type.bundle.ui-testing";
		};
/* End PBXNativeTarget section */

/* Begin PBXProject section */
		F026851A1DD2C6F500ACC668 /* Project object */ = {
			isa = PBXProject;
			attributes = {
				LastSwiftUpdateCheck = 0800;
				LastUpgradeCheck = 0800;
				ORGANIZATIONNAME = projm;
				TargetAttributes = {
					F02685211DD2C6F500ACC668 = {
						CreatedOnToolsVersion = 8.0;
						DevelopmentTeam = 7ARWKX4JSR;
						ProvisioningStyle = Automatic;
					};
					F02685351DD2C6F500ACC668 = {
						CreatedOnToolsVersion = 8.0;
						DevelopmentTeam = 7ARWKX4JSR;
						ProvisioningStyle = Automatic;
						TestTargetID = F02685211DD2C6F500ACC668;
					};
					F02685401DD2C6F500ACC668 = {
						CreatedOnToolsVersion = 8.0;
						DevelopmentTeam = 7ARWKX4JSR;
						ProvisioningStyle = Automatic;
						TestTargetID = F02685211DD2C6F500ACC668;
					};
				};
			};
			buildConfigurationList = F026851D1DD2C6F500ACC668 /* Build configuration list for PBXProject "UIImagePickerForImageDemo" */;
			compatibilityVersion = "Xcode 3.2";
			developmentRegion = English;
			hasScannedForEncodings = 0;
			knownRegions = (
				en,
				Base,
			);
			mainGroup = F02685191DD2C6F500ACC668;
			productRefGroup = F02685231DD2C6F500ACC668 /* Products */;
			projectDirPath = "";
			projectRoot = "";
			targets = (
				F02685211DD2C6F500ACC668 /* UIImagePickerForImageDemo */,
				F02685351DD2C6F500ACC668 /* UIImagePickerForImageDemoTests */,
				F02685401DD2C6F500ACC668 /* UIImagePickerForImageDemoUITests */,
			);
		};
/* End PBXProject section */

/* Begin PBXResourcesBuildPhase section */
		F02685201DD2C6F500ACC668 /* Resources */ = {
			isa = PBXResourcesBuildPhase;
			buildActionMask = 2147483647;
			files = (
				F02685301DD2C6F500ACC668 /* LaunchScreen.storyboard in Resources */,
				F026858E1DD2CC9100ACC668 /* background.png in Resources */,
				F026852D1DD2C6F500ACC668 /* Assets.xcassets in Resources */,
				F026852B1DD2C6F500ACC668 /* Main.storyboard in Resources */,
			);
			runOnlyForDeploymentPostprocessing = 0;
		};
		F02685341DD2C6F500ACC668 /* Resources */ = {
			isa = PBXResourcesBuildPhase;
			buildActionMask = 2147483647;
			files = (
			);
			runOnlyForDeploymentPostprocessing = 0;
		};
		F026853F1DD2C6F500ACC668 /* Resources */ = {
			isa = PBXResourcesBuildPhase;
			buildActionMask = 2147483647;
			files = (
			);
			runOnlyForDeploymentPostprocessing = 0;
		};
/* End PBXResourcesBuildPhase section */

/* Begin PBXSourcesBuildPhase section */
		F026851E1DD2C6F500ACC668 /* Sources */ = {
			isa = PBXSourcesBuildPhase;
			buildActionMask = 2147483647;
			files = (
				F02685281DD2C6F500ACC668 /* ViewController.swift in Sources */,
				F02685261DD2C6F500ACC668 /* AppDelegate.swift in Sources */,
			);
			runOnlyForDeploymentPostprocessing = 0;
		};
		F02685321DD2C6F500ACC668 /* Sources */ = {
			isa = PBXSourcesBuildPhase;
			buildActionMask = 2147483647;
			files = (
				F026853B1DD2C6F500ACC668 /* UIImagePickerForImageDemoTests.swift in Sources */,
			);
			runOnlyForDeploymentPostprocessing = 0;
		};
		F026853D1DD2C6F500ACC668 /* Sources */ = {
			isa = PBXSourcesBuildPhase;
			buildActionMask = 2147483647;
			files = (
				F02685461DD2C6F500ACC668 /* UIImagePickerForImageDemoUITests.swift in Sources */,
			);
			runOnlyForDeploymentPostprocessing = 0;
		};
/* End PBXSourcesBuildPhase section */

/* Begin PBXTargetDependency section */
		F02685381DD2C6F500ACC668 /* PBXTargetDependency */ = {
			isa = PBXTargetDependency;
			target = F02685211DD2C6F500ACC668 /* UIImagePickerForImageDemo */;
			targetProxy = F02685371DD2C6F500ACC668 /* PBXContainerItemProxy */;
		};
		F02685431DD2C6F500ACC668 /* PBXTargetDependency */ = {
			isa = PBXTargetDependency;
			target = F02685211DD2C6F500ACC668 /* UIImagePickerForImageDemo */;
			targetProxy = F02685421DD2C6F500ACC668 /* PBXContainerItemProxy */;
		};
/* End PBXTargetDependency section */

/* Begin PBXVariantGroup section */
		F02685291DD2C6F500ACC668 /* Main.storyboard */ = {
			isa = PBXVariantGroup;
			children = (
				F026852A1DD2C6F500ACC668 /* Base */,
			);
			name = Main.storyboard;
			sourceTree = "<group>";
		};
		F026852E1DD2C6F500ACC668 /* LaunchScreen.storyboard */ = {
			isa = PBXVariantGroup;
			children = (
				F026852F1DD2C6F500ACC668 /* Base */,
			);
			name = LaunchScreen.storyboard;
			sourceTree = "<group>";
		};
/* End PBXVariantGroup section */

/* Begin XCBuildConfiguration section */
		F02685481DD2C6F500ACC668 /* Debug */ = {
			isa = XCBuildConfiguration;
			buildSettings = {
				ALWAYS_SEARCH_USER_PATHS = NO;
				CLANG_ANALYZER_NONNULL = YES;
				CLANG_CXX_LANGUAGE_STANDARD = "gnu++0x";
				CLANG_CXX_LIBRARY = "libc++";
				CLANG_ENABLE_MODULES = YES;
				CLANG_ENABLE_OBJC_ARC = YES;
				CLANG_WARN_BOOL_CONVERSION = YES;
				CLANG_WARN_CONSTANT_CONVERSION = YES;
				CLANG_WARN_DIRECT_OBJC_ISA_USAGE = YES_ERROR;
				CLANG_WARN_DOCUMENTATION_COMMENTS = YES;
				CLANG_WARN_EMPTY_BODY = YES;
				CLANG_WARN_ENUM_CONVERSION = YES;
				CLANG_WARN_INFINITE_RECURSION = YES;
				CLANG_WARN_INT_CONVERSION = YES;
				CLANG_WARN_OBJC_ROOT_CLASS = YES_ERROR;
				CLANG_WARN_SUSPICIOUS_MOVES = YES;
				CLANG_WARN_UNREACHABLE_CODE = YES;
				CLANG_WARN__DUPLICATE_METHOD_MATCH = YES;
				"CODE_SIGN_IDENTITY[sdk=iphoneos*]" = "iPhone Developer";
				COPY_PHASE_STRIP = NO;
				DEBUG_INFORMATION_FORMAT = dwarf;
				ENABLE_STRICT_OBJC_MSGSEND = YES;
				ENABLE_TESTABILITY = YES;
				GCC_C_LANGUAGE_STANDARD = gnu99;
				GCC_DYNAMIC_NO_PIC = NO;
				GCC_NO_COMMON_BLOCKS = YES;
				GCC_OPTIMIZATION_LEVEL = 0;
				GCC_PREPROCESSOR_DEFINITIONS = (
					"DEBUG=1",
					"$(inherited)",
				);
				GCC_WARN_64_TO_32_BIT_CONVERSION = YES;
				GCC_WARN_ABOUT_RETURN_TYPE = YES_ERROR;
				GCC_WARN_UNDECLARED_SELECTOR = YES;
				GCC_WARN_UNINITIALIZED_AUTOS = YES_AGGRESSIVE;
				GCC_WARN_UNUSED_FUNCTION = YES;
				GCC_WARN_UNUSED_VARIABLE = YES;
				IPHONEOS_DEPLOYMENT_TARGET = 10.0;
				MTL_ENABLE_DEBUG_INFO = YES;
				ONLY_ACTIVE_ARCH = YES;
				SDKROOT = iphoneos;
				SWIFT_ACTIVE_COMPILATION_CONDITIONS = DEBUG;
				SWIFT_OPTIMIZATION_LEVEL = "-Onone";
			};
			name = Debug;
		};
		F02685491DD2C6F500ACC668 /* Release */ = {
			isa = XCBuildConfiguration;
			buildSettings = {
				ALWAYS_SEARCH_USER_PATHS = NO;
				CLANG_ANALYZER_NONNULL = YES;
				CLANG_CXX_LANGUAGE_STANDARD = "gnu++0x";
				CLANG_CXX_LIBRARY = "libc++";
				CLANG_ENABLE_MODULES = YES;
				CLANG_ENABLE_OBJC_ARC = YES;
				CLANG_WARN_BOOL_CONVERSION = YES;
				CLANG_WARN_CONSTANT_CONVERSION = YES;
				CLANG_WARN_DIRECT_OBJC_ISA_USAGE = YES_ERROR;
				CLANG_WARN_DOCUMENTATION_COMMENTS = YES;
				CLANG_WARN_EMPTY_BODY = YES;
				CLANG_WARN_ENUM_CONVERSION = YES;
				CLANG_WARN_INFINITE_RECURSION = YES;
				CLANG_WARN_INT_CONVERSION = YES;
				CLANG_WARN_OBJC_ROOT_CLASS = YES_ERROR;
				CLANG_WARN_SUSPICIOUS_MOVES = YES;
				CLANG_WARN_UNREACHABLE_CODE = YES;
				CLANG_WARN__DUPLICATE_METHOD_MATCH = YES;
				"CODE_SIGN_IDENTITY[sdk=iphoneos*]" = "iPhone Developer";
				COPY_PHASE_STRIP = NO;
				DEBUG_INFORMATION_FORMAT = "dwarf-with-dsym";
				ENABLE_NS_ASSERTIONS = NO;
				ENABLE_STRICT_OBJC_MSGSEND = YES;
				GCC_C_LANGUAGE_STANDARD = gnu99;
				GCC_NO_COMMON_BLOCKS = YES;
				GCC_WARN_64_TO_32_BIT_CONVERSION = YES;
				GCC_WARN_ABOUT_RETURN_TYPE = YES_ERROR;
				GCC_WARN_UNDECLARED_SELECTOR = YES;
				GCC_WARN_UNINITIALIZED_AUTOS = YES_AGGRESSIVE;
				GCC_WARN_UNUSED_FUNCTION = YES;
				GCC_WARN_UNUSED_VARIABLE = YES;
				IPHONEOS_DEPLOYMENT_TARGET = 10.0;
				MTL_ENABLE_DEBUG_INFO = NO;
				SDKROOT = iphoneos;
				SWIFT_OPTIMIZATION_LEVEL = "-Owholemodule";
				VALIDATE_PRODUCT = YES;
			};
			name = Release;
		};
		F026854B1DD2C6F500ACC668 /* Debug */ = {
			isa = XCBuildConfiguration;
			buildSettings = {
				ASSETCATALOG_COMPILER_APPICON_NAME = AppIcon;
				DEVELOPMENT_TEAM = 7ARWKX4JSR;
				INFOPLIST_FILE = UIImagePickerForImageDemo/Info.plist;
				LD_RUNPATH_SEARCH_PATHS = "$(inherited) @executable_path/Frameworks";
				PRODUCT_BUNDLE_IDENTIFIER = club.projm.cz.UIImagePickerForImageDemo;
				PRODUCT_NAME = "$(TARGET_NAME)";
				SWIFT_VERSION = 3.0;
			};
			name = Debug;
		};
		F026854C1DD2C6F500ACC668 /* Release */ = {
			isa = XCBuildConfiguration;
			buildSettings = {
				ASSETCATALOG_COMPILER_APPICON_NAME = AppIcon;
				DEVELOPMENT_TEAM = 7ARWKX4JSR;
				INFOPLIST_FILE = UIImagePickerForImageDemo/Info.plist;
				LD_RUNPATH_SEARCH_PATHS = "$(inherited) @executable_path/Frameworks";
				PRODUCT_BUNDLE_IDENTIFIER = club.projm.cz.UIImagePickerForImageDemo;
				PRODUCT_NAME = "$(TARGET_NAME)";
				SWIFT_VERSION = 3.0;
			};
			name = Release;
		};
		F026854E1DD2C6F500ACC668 /* Debug */ = {
			isa = XCBuildConfiguration;
			buildSettings = {
				ALWAYS_EMBED_SWIFT_STANDARD_LIBRARIES = YES;
				BUNDLE_LOADER = "$(TEST_HOST)";
				DEVELOPMENT_TEAM = 7ARWKX4JSR;
				INFOPLIST_FILE = UIImagePickerForImageDemoTests/Info.plist;
				LD_RUNPATH_SEARCH_PATHS = "$(inherited) @executable_path/Frameworks @loader_path/Frameworks";
				PRODUCT_BUNDLE_IDENTIFIER = club.projm.cz.UIImagePickerForImageDemoTests;
				PRODUCT_NAME = "$(TARGET_NAME)";
				SWIFT_VERSION = 3.0;
				TEST_HOST = "$(BUILT_PRODUCTS_DIR)/UIImagePickerForImageDemo.app/UIImagePickerForImageDemo";
			};
			name = Debug;
		};
		F026854F1DD2C6F500ACC668 /* Release */ = {
			isa = XCBuildConfiguration;
			buildSettings = {
				ALWAYS_EMBED_SWIFT_STANDARD_LIBRARIES = YES;
				BUNDLE_LOADER = "$(TEST_HOST)";
				DEVELOPMENT_TEAM = 7ARWKX4JSR;
				INFOPLIST_FILE = UIImagePickerForImageDemoTests/Info.plist;
				LD_RUNPATH_SEARCH_PATHS = "$(inherited) @executable_path/Frameworks @loader_path/Frameworks";
				PRODUCT_BUNDLE_IDENTIFIER = club.projm.cz.UIImagePickerForImageDemoTests;
				PRODUCT_NAME = "$(TARGET_NAME)";
				SWIFT_VERSION = 3.0;
				TEST_HOST = "$(BUILT_PRODUCTS_DIR)/UIImagePickerForImageDemo.app/UIImagePickerForImageDemo";
			};
			name = Release;
		};
		F02685511DD2C6F500ACC668 /* Debug */ = {
			isa = XCBuildConfiguration;
			buildSettings = {
				ALWAYS_EMBED_SWIFT_STANDARD_LIBRARIES = YES;
				DEVELOPMENT_TEAM = 7ARWKX4JSR;
				INFOPLIST_FILE = UIImagePickerForImageDemoUITests/Info.plist;
				LD_RUNPATH_SEARCH_PATHS = "$(inherited) @executable_path/Frameworks @loader_path/Frameworks";
				PRODUCT_BUNDLE_IDENTIFIER = club.projm.cz.UIImagePickerForImageDemoUITests;
				PRODUCT_NAME = "$(TARGET_NAME)";
				SWIFT_VERSION = 3.0;
				TEST_TARGET_NAME = UIImagePickerForImageDemo;
			};
			name = Debug;
		};
		F02685521DD2C6F500ACC668 /* Release */ = {
			isa = XCBuildConfiguration;
			buildSettings = {
				ALWAYS_EMBED_SWIFT_STANDARD_LIBRARIES = YES;
				DEVELOPMENT_TEAM = 7ARWKX4JSR;
				INFOPLIST_FILE = UIImagePickerForImageDemoUITests/Info.plist;
				LD_RUNPATH_SEARCH_PATHS = "$(inherited) @executable_path/Frameworks @loader_path/Frameworks";
				PRODUCT_BUNDLE_IDENTIFIER = club.projm.cz.UIImagePickerForImageDemoUITests;
				PRODUCT_NAME = "$(TARGET_NAME)";
				SWIFT_VERSION = 3.0;
				TEST_TARGET_NAME = UIImagePickerForImageDemo;
			};
			name = Release;
		};
/* End XCBuildConfiguration section */

/* Begin XCConfigurationList section */
		F026851D1DD2C6F500ACC668 /* Build configuration list for PBXProject "UIImagePickerForImageDemo" */ = {
			isa = XCConfigurationList;
			buildConfigurations = (
				F02685481DD2C6F500ACC668 /* Debug */,
				F02685491DD2C6F500ACC668 /* Release */,
			);
			defaultConfigurationIsVisible = 0;
			defaultConfigurationName = Release;
		};
		F026854A1DD2C6F500ACC668 /* Build configuration list for PBXNativeTarget "UIImagePickerForImageDemo" */ = {
			isa = XCConfigurationList;
			buildConfigurations = (
				F026854B1DD2C6F500ACC668 /* Debug */,
				F026854C1DD2C6F500ACC668 /* Release */,
			);
			defaultConfigurationIsVisible = 0;
			defaultConfigurationName = Release;
		};
		F026854D1DD2C6F500ACC668 /* Build configuration list for PBXNativeTarget "UIImagePickerForImageDemoTests" */ = {
			isa = XCConfigurationList;
			buildConfigurations = (
				F026854E1DD2C6F500ACC668 /* Debug */,
				F026854F1DD2C6F500ACC668 /* Release */,
			);
			defaultConfigurationIsVisible = 0;
			defaultConfigurationName = Release;
		};
		F02685501DD2C6F500ACC668 /* Build configuration list for PBXNativeTarget "UIImagePickerForImageDemoUITests" */ = {
			isa = XCConfigurationList;
			buildConfigurations = (
				F02685511DD2C6F500ACC668 /* Debug */,
				F02685521DD2C6F500ACC668 /* Release */,
			);
			defaultConfigurationIsVisible = 0;
			defaultConfigurationName = Release;
		};
/* End XCConfigurationList section */
	};
	rootObject = F026851A1DD2C6F500ACC668 /* Project object */;
}
