// !$*UTF8*$!
{
	archiveVersion = 1;
	classes = {
	};
	objectVersion = 46;
	objects = {

/* Begin PBXBuildFile section */
		F0C1A2BF1DDB4578004BDEFC /* AppDelegate.swift in Sources */ = {isa = PBXBuildFile; fileRef = F0C1A2BE1DDB4578004BDEFC /* AppDelegate.swift */; };
		F0C1A2C11DDB4578004BDEFC /* ViewController.swift in Sources */ = {isa = PBXBuildFile; fileRef = F0C1A2C01DDB4578004BDEFC /* ViewController.swift */; };
		F0C1A2C41DDB4578004BDEFC /* Main.storyboard in Resources */ = {isa = PBXBuildFile; fileRef = F0C1A2C21DDB4578004BDEFC /* Main.storyboard */; };
		F0C1A2C61DDB4578004BDEFC /* Assets.xcassets in Resources */ = {isa = PBXBuildFile; fileRef = F0C1A2C51DDB4578004BDEFC /* Assets.xcassets */; };
		F0C1A2C91DDB4578004BDEFC /* LaunchScreen.storyboard in Resources */ = {isa = PBXBuildFile; fileRef = F0C1A2C71DDB4578004BDEFC /* LaunchScreen.storyboard */; };
		F0C1A2D41DDB4578004BDEFC /* UILabelDemoTests.swift in Sources */ = {isa = PBXBuildFile; fileRef = F0C1A2D31DDB4578004BDEFC /* UILabelDemoTests.swift */; };
		F0C1A2DF1DDB4578004BDEFC /* UILabelDemoUITests.swift in Sources */ = {isa = PBXBuildFile; fileRef = F0C1A2DE1DDB4578004BDEFC /* UILabelDemoUITests.swift */; };
/* End PBXBuildFile section */

/* Begin PBXContainerItemProxy section */
		F0C1A2D01DDB4578004BDEFC /* PBXContainerItemProxy */ = {
			isa = PBXContainerItemProxy;
			containerPortal = F0C1A2B31DDB4578004BDEFC /* Project object */;
			proxyType = 1;
			remoteGlobalIDString = F0C1A2BA1DDB4578004BDEFC;
			remoteInfo = UILabelDemo;
		};
		F0C1A2DB1DDB4578004BDEFC /* PBXContainerItemProxy */ = {
			isa = PBXContainerItemProxy;
			containerPortal = F0C1A2B31DDB4578004BDEFC /* Project object */;
			proxyType = 1;
			remoteGlobalIDString = F0C1A2BA1DDB4578004BDEFC;
			remoteInfo = UILabelDemo;
		};
/* End PBXContainerItemProxy section */

/* Begin PBXFileReference section */
		F0C1A2BB1DDB4578004BDEFC /* UILabelDemo.app */ = {isa = PBXFileReference; explicitFileType = wrapper.application; includeInIndex = 0; path = UILabelDemo.app; sourceTree = BUILT_PRODUCTS_DIR; };
		F0C1A2BE1DDB4578004BDEFC /* AppDelegate.swift */ = {isa = PBXFileReference; lastKnownFileType = sourcecode.swift; path = AppDelegate.swift; sourceTree = "<group>"; };
		F0C1A2C01DDB4578004BDEFC /* ViewController.swift */ = {isa = PBXFileReference; lastKnownFileType = sourcecode.swift; path = ViewController.swift; sourceTree = "<group>"; };
		F0C1A2C31DDB4578004BDEFC /* Base */ = {isa = PBXFileReference; lastKnownFileType = file.storyboard; name = Base; path = Base.lproj/Main.storyboard; sourceTree = "<group>"; };
		F0C1A2C51DDB4578004BDEFC /* Assets.xcassets */ = {isa = PBXFileReference; lastKnownFileType = folder.assetcatalog; path = Assets.xcassets; sourceTree = "<group>"; };
		F0C1A2C81DDB4578004BDEFC /* Base */ = {isa = PBXFileReference; lastKnownFileType = file.storyboard; name = Base; path = Base.lproj/LaunchScreen.storyboard; sourceTree = "<group>"; };
		F0C1A2CA1DDB4578004BDEFC /* Info.plist */ = {isa = PBXFileReference; lastKnownFileType = text.plist.xml; path = Info.plist; sourceTree = "<group>"; };
		F0C1A2CF1DDB4578004BDEFC /* UILabelDemoTests.xctest */ = {isa = PBXFileReference; explicitFileType = wrapper.cfbundle; includeInIndex = 0; path = UILabelDemoTests.xctest; sourceTree = BUILT_PRODUCTS_DIR; };
		F0C1A2D31DDB4578004BDEFC /* UILabelDemoTests.swift */ = {isa = PBXFileReference; lastKnownFileType = sourcecode.swift; path = UILabelDemoTests.swift; sourceTree = "<group>"; };
		F0C1A2D51DDB4578004BDEFC /* Info.plist */ = {isa = PBXFileReference; lastKnownFileType = text.plist.xml; path = Info.plist; sourceTree = "<group>"; };
		F0C1A2DA1DDB4578004BDEFC /* UILabelDemoUITests.xctest */ = {isa = PBXFileReference; explicitFileType = wrapper.cfbundle; includeInIndex = 0; path = UILabelDemoUITests.xctest; sourceTree = BUILT_PRODUCTS_DIR; };
		F0C1A2DE1DDB4578004BDEFC /* UILabelDemoUITests.swift */ = {isa = PBXFileReference; lastKnownFileType = sourcecode.swift; path = UILabelDemoUITests.swift; sourceTree = "<group>"; };
		F0C1A2E01DDB4578004BDEFC /* Info.plist */ = {isa = PBXFileReference; lastKnownFileType = text.plist.xml; path = Info.plist; sourceTree = "<group>"; };
/* End PBXFileReference section */

/* Begin PBXFrameworksBuildPhase section */
		F0C1A2B81DDB4578004BDEFC /* Frameworks */ = {
			isa = PBXFrameworksBuildPhase;
			buildActionMask = 2147483647;
			files = (
			);
			runOnlyForDeploymentPostprocessing = 0;
		};
		F0C1A2CC1DDB4578004BDEFC /* Frameworks */ = {
			isa = PBXFrameworksBuildPhase;
			buildActionMask = 2147483647;
			files = (
			);
			runOnlyForDeploymentPostprocessing = 0;
		};
		F0C1A2D71DDB4578004BDEFC /* Frameworks */ = {
			isa = PBXFrameworksBuildPhase;
			buildActionMask = 2147483647;
			files = (
			);
			runOnlyForDeploymentPostprocessing = 0;
		};
/* End PBXFrameworksBuildPhase section */

/* Begin PBXGroup section */
		F0C1A2B21DDB4578004BDEFC = {
			isa = PBXGroup;
			children = (
				F0C1A2BD1DDB4578004BDEFC /* UILabelDemo */,
				F0C1A2D21DDB4578004BDEFC /* UILabelDemoTests */,
				F0C1A2DD1DDB4578004BDEFC /* UILabelDemoUITests */,
				F0C1A2BC1DDB4578004BDEFC /* Products */,
			);
			sourceTree = "<group>";
		};
		F0C1A2BC1DDB4578004BDEFC /* Products */ = {
			isa = PBXGroup;
			children = (
				F0C1A2BB1DDB4578004BDEFC /* UILabelDemo.app */,
				F0C1A2CF1DDB4578004BDEFC /* UILabelDemoTests.xctest */,
				F0C1A2DA1DDB4578004BDEFC /* UILabelDemoUITests.xctest */,
			);
			name = Products;
			sourceTree = "<group>";
		};
		F0C1A2BD1DDB4578004BDEFC /* UILabelDemo */ = {
			isa = PBXGroup;
			children = (
				F0C1A2BE1DDB4578004BDEFC /* AppDelegate.swift */,
				F0C1A2C01DDB4578004BDEFC /* ViewController.swift */,
				F0C1A2C21DDB4578004BDEFC /* Main.storyboard */,
				F0C1A2C51DDB4578004BDEFC /* Assets.xcassets */,
				F0C1A2C71DDB4578004BDEFC /* LaunchScreen.storyboard */,
				F0C1A2CA1DDB4578004BDEFC /* Info.plist */,
			);
			path = UILabelDemo;
			sourceTree = "<group>";
		};
		F0C1A2D21DDB4578004BDEFC /* UILabelDemoTests */ = {
			isa = PBXGroup;
			children = (
				F0C1A2D31DDB4578004BDEFC /* UILabelDemoTests.swift */,
				F0C1A2D51DDB4578004BDEFC /* Info.plist */,
			);
			path = UILabelDemoTests;
			sourceTree = "<group>";
		};
		F0C1A2DD1DDB4578004BDEFC /* UILabelDemoUITests */ = {
			isa = PBXGroup;
			children = (
				F0C1A2DE1DDB4578004BDEFC /* UILabelDemoUITests.swift */,
				F0C1A2E01DDB4578004BDEFC /* Info.plist */,
			);
			path = UILabelDemoUITests;
			sourceTree = "<group>";
		};
/* End PBXGroup section */

/* Begin PBXNativeTarget section */
		F0C1A2BA1DDB4578004BDEFC /* UILabelDemo */ = {
			isa = PBXNativeTarget;
			buildConfigurationList = F0C1A2E31DDB4578004BDEFC /* Build configuration list for PBXNativeTarget "UILabelDemo" */;
			buildPhases = (
				F0C1A2B71DDB4578004BDEFC /* Sources */,
				F0C1A2B81DDB4578004BDEFC /* Frameworks */,
				F0C1A2B91DDB4578004BDEFC /* Resources */,
			);
			buildRules = (
			);
			dependencies = (
			);
			name = UILabelDemo;
			productName = UILabelDemo;
			productReference = F0C1A2BB1DDB4578004BDEFC /* UILabelDemo.app */;
			productType = "com.apple.product-type.application";
		};
		F0C1A2CE1DDB4578004BDEFC /* UILabelDemoTests */ = {
			isa = PBXNativeTarget;
			buildConfigurationList = F0C1A2E61DDB4578004BDEFC /* Build configuration list for PBXNativeTarget "UILabelDemoTests" */;
			buildPhases = (
				F0C1A2CB1DDB4578004BDEFC /* Sources */,
				F0C1A2CC1DDB4578004BDEFC /* Frameworks */,
				F0C1A2CD1DDB4578004BDEFC /* Resources */,
			);
			buildRules = (
			);
			dependencies = (
				F0C1A2D11DDB4578004BDEFC /* PBXTargetDependency */,
			);
			name = UILabelDemoTests;
			productName = UILabelDemoTests;
			productReference = F0C1A2CF1DDB4578004BDEFC /* UILabelDemoTests.xctest */;
			productType = "com.apple.product-type.bundle.unit-test";
		};
		F0C1A2D91DDB4578004BDEFC /* UILabelDemoUITests */ = {
			isa = PBXNativeTarget;
			buildConfigurationList = F0C1A2E91DDB4578004BDEFC /* Build configuration list for PBXNativeTarget "UILabelDemoUITests" */;
			buildPhases = (
				F0C1A2D61DDB4578004BDEFC /* Sources */,
				F0C1A2D71DDB4578004BDEFC /* Frameworks */,
				F0C1A2D81DDB4578004BDEFC /* Resources */,
			);
			buildRules = (
			);
			dependencies = (
				F0C1A2DC1DDB4578004BDEFC /* PBXTargetDependency */,
			);
			name = UILabelDemoUITests;
			productName = UILabelDemoUITests;
			productReference = F0C1A2DA1DDB4578004BDEFC /* UILabelDemoUITests.xctest */;
			productType = "com.apple.product-type.bundle.ui-testing";
		};
/* End PBXNativeTarget section */

/* Begin PBXProject section */
		F0C1A2B31DDB4578004BDEFC /* Project object */ = {
			isa = PBXProject;
			attributes = {
				LastSwiftUpdateCheck = 0800;
				LastUpgradeCheck = 0800;
				ORGANIZATIONNAME = projm;
				TargetAttributes = {
					F0C1A2BA1DDB4578004BDEFC = {
						CreatedOnToolsVersion = 8.0;
						DevelopmentTeam = 7ARWKX4JSR;
						ProvisioningStyle = Automatic;
					};
					F0C1A2CE1DDB4578004BDEFC = {
						CreatedOnToolsVersion = 8.0;
						DevelopmentTeam = 7ARWKX4JSR;
						ProvisioningStyle = Automatic;
						TestTargetID = F0C1A2BA1DDB4578004BDEFC;
					};
					F0C1A2D91DDB4578004BDEFC = {
						CreatedOnToolsVersion = 8.0;
						DevelopmentTeam = 7ARWKX4JSR;
						ProvisioningStyle = Automatic;
						TestTargetID = F0C1A2BA1DDB4578004BDEFC;
					};
				};
			};
			buildConfigurationList = F0C1A2B61DDB4578004BDEFC /* Build configuration list for PBXProject "UILabelDemo" */;
			compatibilityVersion = "Xcode 3.2";
			developmentRegion = English;
			hasScannedForEncodings = 0;
			knownRegions = (
				en,
				Base,
			);
			mainGroup = F0C1A2B21DDB4578004BDEFC;
			productRefGroup = F0C1A2BC1DDB4578004BDEFC /* Products */;
			projectDirPath = "";
			projectRoot = "";
			targets = (
				F0C1A2BA1DDB4578004BDEFC /* UILabelDemo */,
				F0C1A2CE1DDB4578004BDEFC /* UILabelDemoTests */,
				F0C1A2D91DDB4578004BDEFC /* UILabelDemoUITests */,
			);
		};
/* End PBXProject section */

/* Begin PBXResourcesBuildPhase section */
		F0C1A2B91DDB4578004BDEFC /* Resources */ = {
			isa = PBXResourcesBuildPhase;
			buildActionMask = 2147483647;
			files = (
				F0C1A2C91DDB4578004BDEFC /* LaunchScreen.storyboard in Resources */,
				F0C1A2C61DDB4578004BDEFC /* Assets.xcassets in Resources */,
				F0C1A2C41DDB4578004BDEFC /* Main.storyboard in Resources */,
			);
			runOnlyForDeploymentPostprocessing = 0;
		};
		F0C1A2CD1DDB4578004BDEFC /* Resources */ = {
			isa = PBXResourcesBuildPhase;
			buildActionMask = 2147483647;
			files = (
			);
			runOnlyForDeploymentPostprocessing = 0;
		};
		F0C1A2D81DDB4578004BDEFC /* Resources */ = {
			isa = PBXResourcesBuildPhase;
			buildActionMask = 2147483647;
			files = (
			);
			runOnlyForDeploymentPostprocessing = 0;
		};
/* End PBXResourcesBuildPhase section */

/* Begin PBXSourcesBuildPhase section */
		F0C1A2B71DDB4578004BDEFC /* Sources */ = {
			isa = PBXSourcesBuildPhase;
			buildActionMask = 2147483647;
			files = (
				F0C1A2C11DDB4578004BDEFC /* ViewController.swift in Sources */,
				F0C1A2BF1DDB4578004BDEFC /* AppDelegate.swift in Sources */,
			);
			runOnlyForDeploymentPostprocessing = 0;
		};
		F0C1A2CB1DDB4578004BDEFC /* Sources */ = {
			isa = PBXSourcesBuildPhase;
			buildActionMask = 2147483647;
			files = (
				F0C1A2D41DDB4578004BDEFC /* UILabelDemoTests.swift in Sources */,
			);
			runOnlyForDeploymentPostprocessing = 0;
		};
		F0C1A2D61DDB4578004BDEFC /* Sources */ = {
			isa = PBXSourcesBuildPhase;
			buildActionMask = 2147483647;
			files = (
				F0C1A2DF1DDB4578004BDEFC /* UILabelDemoUITests.swift in Sources */,
			);
			runOnlyForDeploymentPostprocessing = 0;
		};
/* End PBXSourcesBuildPhase section */

/* Begin PBXTargetDependency section */
		F0C1A2D11DDB4578004BDEFC /* PBXTargetDependency */ = {
			isa = PBXTargetDependency;
			target = F0C1A2BA1DDB4578004BDEFC /* UILabelDemo */;
			targetProxy = F0C1A2D01DDB4578004BDEFC /* PBXContainerItemProxy */;
		};
		F0C1A2DC1DDB4578004BDEFC /* PBXTargetDependency */ = {
			isa = PBXTargetDependency;
			target = F0C1A2BA1DDB4578004BDEFC /* UILabelDemo */;
			targetProxy = F0C1A2DB1DDB4578004BDEFC /* PBXContainerItemProxy */;
		};
/* End PBXTargetDependency section */

/* Begin PBXVariantGroup section */
		F0C1A2C21DDB4578004BDEFC /* Main.storyboard */ = {
			isa = PBXVariantGroup;
			children = (
				F0C1A2C31DDB4578004BDEFC /* Base */,
			);
			name = Main.storyboard;
			sourceTree = "<group>";
		};
		F0C1A2C71DDB4578004BDEFC /* LaunchScreen.storyboard */ = {
			isa = PBXVariantGroup;
			children = (
				F0C1A2C81DDB4578004BDEFC /* Base */,
			);
			name = LaunchScreen.storyboard;
			sourceTree = "<group>";
		};
/* End PBXVariantGroup section */

/* Begin XCBuildConfiguration section */
		F0C1A2E11DDB4578004BDEFC /* Debug */ = {
			isa = XCBuildConfiguration;
			buildSettings = {
				ALWAYS_SEARCH_USER_PATHS = NO;
				CLANG_ANALYZER_NONNULL = YES;
				CLANG_CXX_LANGUAGE_STANDARD = "gnu++0x";
				CLANG_CXX_LIBRARY = "libc++";
				CLANG_ENABLE_MODULES = YES;
				CLANG_ENABLE_OBJC_ARC = YES;
				CLANG_WARN_BOOL_CONVERSION = YES;
				CLANG_WARN_CONSTANT_CONVERSION = YES;
				CLANG_WARN_DIRECT_OBJC_ISA_USAGE = YES_ERROR;
				CLANG_WARN_DOCUMENTATION_COMMENTS = YES;
				CLANG_WARN_EMPTY_BODY = YES;
				CLANG_WARN_ENUM_CONVERSION = YES;
				CLANG_WARN_INFINITE_RECURSION = YES;
				CLANG_WARN_INT_CONVERSION = YES;
				CLANG_WARN_OBJC_ROOT_CLASS = YES_ERROR;
				CLANG_WARN_SUSPICIOUS_MOVES = YES;
				CLANG_WARN_UNREACHABLE_CODE = YES;
				CLANG_WARN__DUPLICATE_METHOD_MATCH = YES;
				"CODE_SIGN_IDENTITY[sdk=iphoneos*]" = "iPhone Developer";
				COPY_PHASE_STRIP = NO;
				DEBUG_INFORMATION_FORMAT = dwarf;
				ENABLE_STRICT_OBJC_MSGSEND = YES;
				ENABLE_TESTABILITY = YES;
				GCC_C_LANGUAGE_STANDARD = gnu99;
				GCC_DYNAMIC_NO_PIC = NO;
				GCC_NO_COMMON_BLOCKS = YES;
				GCC_OPTIMIZATION_LEVEL = 0;
				GCC_PREPROCESSOR_DEFINITIONS = (
					"DEBUG=1",
					"$(inherited)",
				);
				GCC_WARN_64_TO_32_BIT_CONVERSION = YES;
				GCC_WARN_ABOUT_RETURN_TYPE = YES_ERROR;
				GCC_WARN_UNDECLARED_SELECTOR = YES;
				GCC_WARN_UNINITIALIZED_AUTOS = YES_AGGRESSIVE;
				GCC_WARN_UNUSED_FUNCTION = YES;
				GCC_WARN_UNUSED_VARIABLE = YES;
				IPHONEOS_DEPLOYMENT_TARGET = 10.0;
				MTL_ENABLE_DEBUG_INFO = YES;
				ONLY_ACTIVE_ARCH = YES;
				SDKROOT = iphoneos;
				SWIFT_ACTIVE_COMPILATION_CONDITIONS = DEBUG;
				SWIFT_OPTIMIZATION_LEVEL = "-Onone";
			};
			name = Debug;
		};
		F0C1A2E21DDB4578004BDEFC /* Release */ = {
			isa = XCBuildConfiguration;
			buildSettings = {
				ALWAYS_SEARCH_USER_PATHS = NO;
				CLANG_ANALYZER_NONNULL = YES;
				CLANG_CXX_LANGUAGE_STANDARD = "gnu++0x";
				CLANG_CXX_LIBRARY = "libc++";
				CLANG_ENABLE_MODULES = YES;
				CLANG_ENABLE_OBJC_ARC = YES;
				CLANG_WARN_BOOL_CONVERSION = YES;
				CLANG_WARN_CONSTANT_CONVERSION = YES;
				CLANG_WARN_DIRECT_OBJC_ISA_USAGE = YES_ERROR;
				CLANG_WARN_DOCUMENTATION_COMMENTS = YES;
				CLANG_WARN_EMPTY_BODY = YES;
				CLANG_WARN_ENUM_CONVERSION = YES;
				CLANG_WARN_INFINITE_RECURSION = YES;
				CLANG_WARN_INT_CONVERSION = YES;
				CLANG_WARN_OBJC_ROOT_CLASS = YES_ERROR;
				CLANG_WARN_SUSPICIOUS_MOVES = YES;
				CLANG_WARN_UNREACHABLE_CODE = YES;
				CLANG_WARN__DUPLICATE_METHOD_MATCH = YES;
				"CODE_SIGN_IDENTITY[sdk=iphoneos*]" = "iPhone Developer";
				COPY_PHASE_STRIP = NO;
				DEBUG_INFORMATION_FORMAT = "dwarf-with-dsym";
				ENABLE_NS_ASSERTIONS = NO;
				ENABLE_STRICT_OBJC_MSGSEND = YES;
				GCC_C_LANGUAGE_STANDARD = gnu99;
				GCC_NO_COMMON_BLOCKS = YES;
				GCC_WARN_64_TO_32_BIT_CONVERSION = YES;
				GCC_WARN_ABOUT_RETURN_TYPE = YES_ERROR;
				GCC_WARN_UNDECLARED_SELECTOR = YES;
				GCC_WARN_UNINITIALIZED_AUTOS = YES_AGGRESSIVE;
				GCC_WARN_UNUSED_FUNCTION = YES;
				GCC_WARN_UNUSED_VARIABLE = YES;
				IPHONEOS_DEPLOYMENT_TARGET = 10.0;
				MTL_ENABLE_DEBUG_INFO = NO;
				SDKROOT = iphoneos;
				SWIFT_OPTIMIZATION_LEVEL = "-Owholemodule";
				VALIDATE_PRODUCT = YES;
			};
			name = Release;
		};
		F0C1A2E41DDB4578004BDEFC /* Debug */ = {
			isa = XCBuildConfiguration;
			buildSettings = {
				ASSETCATALOG_COMPILER_APPICON_NAME = AppIcon;
				DEVELOPMENT_TEAM = 7ARWKX4JSR;
				INFOPLIST_FILE = UILabelDemo/Info.plist;
				LD_RUNPATH_SEARCH_PATHS = "$(inherited) @executable_path/Frameworks";
				PRODUCT_BUNDLE_IDENTIFIER = club.projm.cz.UILabelDemo;
				PRODUCT_NAME = "$(TARGET_NAME)";
				SWIFT_VERSION = 3.0;
			};
			name = Debug;
		};
		F0C1A2E51DDB4578004BDEFC /* Release */ = {
			isa = XCBuildConfiguration;
			buildSettings = {
				ASSETCATALOG_COMPILER_APPICON_NAME = AppIcon;
				DEVELOPMENT_TEAM = 7ARWKX4JSR;
				INFOPLIST_FILE = UILabelDemo/Info.plist;
				LD_RUNPATH_SEARCH_PATHS = "$(inherited) @executable_path/Frameworks";
				PRODUCT_BUNDLE_IDENTIFIER = club.projm.cz.UILabelDemo;
				PRODUCT_NAME = "$(TARGET_NAME)";
				SWIFT_VERSION = 3.0;
			};
			name = Release;
		};
		F0C1A2E71DDB4578004BDEFC /* Debug */ = {
			isa = XCBuildConfiguration;
			buildSettings = {
				ALWAYS_EMBED_SWIFT_STANDARD_LIBRARIES = YES;
				BUNDLE_LOADER = "$(TEST_HOST)";
				DEVELOPMENT_TEAM = 7ARWKX4JSR;
				INFOPLIST_FILE = UILabelDemoTests/Info.plist;
				LD_RUNPATH_SEARCH_PATHS = "$(inherited) @executable_path/Frameworks @loader_path/Frameworks";
				PRODUCT_BUNDLE_IDENTIFIER = club.projm.cz.UILabelDemoTests;
				PRODUCT_NAME = "$(TARGET_NAME)";
				SWIFT_VERSION = 3.0;
				TEST_HOST = "$(BUILT_PRODUCTS_DIR)/UILabelDemo.app/UILabelDemo";
			};
			name = Debug;
		};
		F0C1A2E81DDB4578004BDEFC /* Release */ = {
			isa = XCBuildConfiguration;
			buildSettings = {
				ALWAYS_EMBED_SWIFT_STANDARD_LIBRARIES = YES;
				BUNDLE_LOADER = "$(TEST_HOST)";
				DEVELOPMENT_TEAM = 7ARWKX4JSR;
				INFOPLIST_FILE = UILabelDemoTests/Info.plist;
				LD_RUNPATH_SEARCH_PATHS = "$(inherited) @executable_path/Frameworks @loader_path/Frameworks";
				PRODUCT_BUNDLE_IDENTIFIER = club.projm.cz.UILabelDemoTests;
				PRODUCT_NAME = "$(TARGET_NAME)";
				SWIFT_VERSION = 3.0;
				TEST_HOST = "$(BUILT_PRODUCTS_DIR)/UILabelDemo.app/UILabelDemo";
			};
			name = Release;
		};
		F0C1A2EA1DDB4578004BDEFC /* Debug */ = {
			isa = XCBuildConfiguration;
			buildSettings = {
				ALWAYS_EMBED_SWIFT_STANDARD_LIBRARIES = YES;
				DEVELOPMENT_TEAM = 7ARWKX4JSR;
				INFOPLIST_FILE = UILabelDemoUITests/Info.plist;
				LD_RUNPATH_SEARCH_PATHS = "$(inherited) @executable_path/Frameworks @loader_path/Frameworks";
				PRODUCT_BUNDLE_IDENTIFIER = club.projm.cz.UILabelDemoUITests;
				PRODUCT_NAME = "$(TARGET_NAME)";
				SWIFT_VERSION = 3.0;
				TEST_TARGET_NAME = UILabelDemo;
			};
			name = Debug;
		};
		F0C1A2EB1DDB4578004BDEFC /* Release */ = {
			isa = XCBuildConfiguration;
			buildSettings = {
				ALWAYS_EMBED_SWIFT_STANDARD_LIBRARIES = YES;
				DEVELOPMENT_TEAM = 7ARWKX4JSR;
				INFOPLIST_FILE = UILabelDemoUITests/Info.plist;
				LD_RUNPATH_SEARCH_PATHS = "$(inherited) @executable_path/Frameworks @loader_path/Frameworks";
				PRODUCT_BUNDLE_IDENTIFIER = club.projm.cz.UILabelDemoUITests;
				PRODUCT_NAME = "$(TARGET_NAME)";
				SWIFT_VERSION = 3.0;
				TEST_TARGET_NAME = UILabelDemo;
			};
			name = Release;
		};
/* End XCBuildConfiguration section */

/* Begin XCConfigurationList section */
		F0C1A2B61DDB4578004BDEFC /* Build configuration list for PBXProject "UILabelDemo" */ = {
			isa = XCConfigurationList;
			buildConfigurations = (
				F0C1A2E11DDB4578004BDEFC /* Debug */,
				F0C1A2E21DDB4578004BDEFC /* Release */,
			);
			defaultConfigurationIsVisible = 0;
			defaultConfigurationName = Release;
		};
		F0C1A2E31DDB4578004BDEFC /* Build configuration list for PBXNativeTarget "UILabelDemo" */ = {
			isa = XCConfigurationList;
			buildConfigurations = (
				F0C1A2E41DDB4578004BDEFC /* Debug */,
				F0C1A2E51DDB4578004BDEFC /* Release */,
			);
			defaultConfigurationIsVisible = 0;
		};
		F0C1A2E61DDB4578004BDEFC /* Build configuration list for PBXNativeTarget "UILabelDemoTests" */ = {
			isa = XCConfigurationList;
			buildConfigurations = (
				F0C1A2E71DDB4578004BDEFC /* Debug */,
				F0C1A2E81DDB4578004BDEFC /* Release */,
			);
			defaultConfigurationIsVisible = 0;
		};
		F0C1A2E91DDB4578004BDEFC /* Build configuration list for PBXNativeTarget "UILabelDemoUITests" */ = {
			isa = XCConfigurationList;
			buildConfigurations = (
				F0C1A2EA1DDB4578004BDEFC /* Debug */,
				F0C1A2EB1DDB4578004BDEFC /* Release */,
			);
			defaultConfigurationIsVisible = 0;
		};
/* End XCConfigurationList section */
	};
	rootObject = F0C1A2B31DDB4578004BDEFC /* Project object */;
}
