// !$*UTF8*$!
{
	archiveVersion = 1;
	classes = {
	};
	objectVersion = 46;
	objects = {

/* Begin PBXBuildFile section */
		F094E1491CBFB0E0005D3A1A /* main.m in Sources */ = {isa = PBXBuildFile; fileRef = F094E1481CBFB0E0005D3A1A /* main.m */; };
		F094E14C1CBFB0E0005D3A1A /* AppDelegate.m in Sources */ = {isa = PBXBuildFile; fileRef = F094E14B1CBFB0E0005D3A1A /* AppDelegate.m */; };
		F094E14F1CBFB0E0005D3A1A /* ViewController.m in Sources */ = {isa = PBXBuildFile; fileRef = F094E14E1CBFB0E0005D3A1A /* ViewController.m */; };
		F094E1521CBFB0E0005D3A1A /* Main.storyboard in Resources */ = {isa = PBXBuildFile; fileRef = F094E1501CBFB0E0005D3A1A /* Main.storyboard */; };
		F094E1541CBFB0E0005D3A1A /* Assets.xcassets in Resources */ = {isa = PBXBuildFile; fileRef = F094E1531CBFB0E0005D3A1A /* Assets.xcassets */; };
		F094E1571CBFB0E0005D3A1A /* LaunchScreen.storyboard in Resources */ = {isa = PBXBuildFile; fileRef = F094E1551CBFB0E0005D3A1A /* LaunchScreen.storyboard */; };
		F094E1621CBFB0E0005D3A1A /* audioqueueuTests.m in Sources */ = {isa = PBXBuildFile; fileRef = F094E1611CBFB0E0005D3A1A /* audioqueueuTests.m */; };
		F094E16D1CBFB29C005D3A1A /* xiao_xing_yun.mp3 in Resources */ = {isa = PBXBuildFile; fileRef = F094E16C1CBFB29C005D3A1A /* xiao_xing_yun.mp3 */; };
		F094E16F1CBFBDA8005D3A1A /* AudioToolbox.framework in Frameworks */ = {isa = PBXBuildFile; fileRef = F094E16E1CBFBDA8005D3A1A /* AudioToolbox.framework */; };
		F094E1711CBFBE68005D3A1A /* CoreAudio.framework in Frameworks */ = {isa = PBXBuildFile; fileRef = F094E1701CBFBE68005D3A1A /* CoreAudio.framework */; };
		F094E17A1CC08F22005D3A1A /* AQPlayer.m in Sources */ = {isa = PBXBuildFile; fileRef = F094E1791CC08F22005D3A1A /* AQPlayer.m */; };
		F094E1F31CC0DD30005D3A1A /* CoreGraphics.framework in Frameworks */ = {isa = PBXBuildFile; fileRef = F094E1F21CC0DD30005D3A1A /* CoreGraphics.framework */; };
		F094E1F61CC51108005D3A1A /* AQRecorder.m in Sources */ = {isa = PBXBuildFile; fileRef = F094E1F51CC51108005D3A1A /* AQRecorder.m */; };
/* End PBXBuildFile section */

/* Begin PBXContainerItemProxy section */
		F094E15E1CBFB0E0005D3A1A /* PBXContainerItemProxy */ = {
			isa = PBXContainerItemProxy;
			containerPortal = F094E13C1CBFB0E0005D3A1A /* Project object */;
			proxyType = 1;
			remoteGlobalIDString = F094E1431CBFB0E0005D3A1A;
			remoteInfo = audioqueueu;
		};
/* End PBXContainerItemProxy section */

/* Begin PBXFileReference section */
		F094E1441CBFB0E0005D3A1A /* audioqueueu.app */ = {isa = PBXFileReference; explicitFileType = wrapper.application; includeInIndex = 0; path = audioqueueu.app; sourceTree = BUILT_PRODUCTS_DIR; };
		F094E1481CBFB0E0005D3A1A /* main.m */ = {isa = PBXFileReference; lastKnownFileType = sourcecode.c.objc; path = main.m; sourceTree = "<group>"; };
		F094E14A1CBFB0E0005D3A1A /* AppDelegate.h */ = {isa = PBXFileReference; lastKnownFileType = sourcecode.c.h; path = AppDelegate.h; sourceTree = "<group>"; };
		F094E14B1CBFB0E0005D3A1A /* AppDelegate.m */ = {isa = PBXFileReference; lastKnownFileType = sourcecode.c.objc; path = AppDelegate.m; sourceTree = "<group>"; };
		F094E14D1CBFB0E0005D3A1A /* ViewController.h */ = {isa = PBXFileReference; lastKnownFileType = sourcecode.c.h; path = ViewController.h; sourceTree = "<group>"; };
		F094E14E1CBFB0E0005D3A1A /* ViewController.m */ = {isa = PBXFileReference; lastKnownFileType = sourcecode.c.objc; path = ViewController.m; sourceTree = "<group>"; };
		F094E1511CBFB0E0005D3A1A /* Base */ = {isa = PBXFileReference; lastKnownFileType = file.storyboard; name = Base; path = Base.lproj/Main.storyboard; sourceTree = "<group>"; };
		F094E1531CBFB0E0005D3A1A /* Assets.xcassets */ = {isa = PBXFileReference; lastKnownFileType = folder.assetcatalog; path = Assets.xcassets; sourceTree = "<group>"; };
		F094E1561CBFB0E0005D3A1A /* Base */ = {isa = PBXFileReference; lastKnownFileType = file.storyboard; name = Base; path = Base.lproj/LaunchScreen.storyboard; sourceTree = "<group>"; };
		F094E1581CBFB0E0005D3A1A /* Info.plist */ = {isa = PBXFileReference; lastKnownFileType = text.plist.xml; path = Info.plist; sourceTree = "<group>"; };
		F094E15D1CBFB0E0005D3A1A /* audioqueueuTests.xctest */ = {isa = PBXFileReference; explicitFileType = wrapper.cfbundle; includeInIndex = 0; path = audioqueueuTests.xctest; sourceTree = BUILT_PRODUCTS_DIR; };
		F094E1611CBFB0E0005D3A1A /* audioqueueuTests.m */ = {isa = PBXFileReference; lastKnownFileType = sourcecode.c.objc; path = audioqueueuTests.m; sourceTree = "<group>"; };
		F094E1631CBFB0E0005D3A1A /* Info.plist */ = {isa = PBXFileReference; lastKnownFileType = text.plist.xml; path = Info.plist; sourceTree = "<group>"; };
		F094E16C1CBFB29C005D3A1A /* xiao_xing_yun.mp3 */ = {isa = PBXFileReference; lastKnownFileType = audio.mp3; path = xiao_xing_yun.mp3; sourceTree = "<group>"; };
		F094E16E1CBFBDA8005D3A1A /* AudioToolbox.framework */ = {isa = PBXFileReference; lastKnownFileType = wrapper.framework; name = AudioToolbox.framework; path = System/Library/Frameworks/AudioToolbox.framework; sourceTree = SDKROOT; };
		F094E1701CBFBE68005D3A1A /* CoreAudio.framework */ = {isa = PBXFileReference; lastKnownFileType = wrapper.framework; name = CoreAudio.framework; path = System/Library/Frameworks/CoreAudio.framework; sourceTree = SDKROOT; };
		F094E1781CC08F22005D3A1A /* AQPlayer.h */ = {isa = PBXFileReference; fileEncoding = 4; lastKnownFileType = sourcecode.c.h; path = AQPlayer.h; sourceTree = "<group>"; };
		F094E1791CC08F22005D3A1A /* AQPlayer.m */ = {isa = PBXFileReference; fileEncoding = 4; lastKnownFileType = sourcecode.c.objc; path = AQPlayer.m; sourceTree = "<group>"; };
		F094E1F21CC0DD30005D3A1A /* CoreGraphics.framework */ = {isa = PBXFileReference; lastKnownFileType = wrapper.framework; name = CoreGraphics.framework; path = System/Library/Frameworks/CoreGraphics.framework; sourceTree = SDKROOT; };
		F094E1F41CC51108005D3A1A /* AQRecorder.h */ = {isa = PBXFileReference; fileEncoding = 4; lastKnownFileType = sourcecode.c.h; path = AQRecorder.h; sourceTree = "<group>"; };
		F094E1F51CC51108005D3A1A /* AQRecorder.m */ = {isa = PBXFileReference; fileEncoding = 4; lastKnownFileType = sourcecode.c.objc; path = AQRecorder.m; sourceTree = "<group>"; };
/* End PBXFileReference section */

/* Begin PBXFrameworksBuildPhase section */
		F094E1411CBFB0E0005D3A1A /* Frameworks */ = {
			isa = PBXFrameworksBuildPhase;
			buildActionMask = 2147483647;
			files = (
				F094E1F31CC0DD30005D3A1A /* CoreGraphics.framework in Frameworks */,
				F094E1711CBFBE68005D3A1A /* CoreAudio.framework in Frameworks */,
				F094E16F1CBFBDA8005D3A1A /* AudioToolbox.framework in Frameworks */,
			);
			runOnlyForDeploymentPostprocessing = 0;
		};
		F094E15A1CBFB0E0005D3A1A /* Frameworks */ = {
			isa = PBXFrameworksBuildPhase;
			buildActionMask = 2147483647;
			files = (
			);
			runOnlyForDeploymentPostprocessing = 0;
		};
/* End PBXFrameworksBuildPhase section */

/* Begin PBXGroup section */
		F094E13B1CBFB0E0005D3A1A = {
			isa = PBXGroup;
			children = (
				F094E1F21CC0DD30005D3A1A /* CoreGraphics.framework */,
				F094E1701CBFBE68005D3A1A /* CoreAudio.framework */,
				F094E16E1CBFBDA8005D3A1A /* AudioToolbox.framework */,
				F094E1461CBFB0E0005D3A1A /* audioqueueu */,
				F094E1601CBFB0E0005D3A1A /* audioqueueuTests */,
				F094E1451CBFB0E0005D3A1A /* Products */,
			);
			sourceTree = "<group>";
		};
		F094E1451CBFB0E0005D3A1A /* Products */ = {
			isa = PBXGroup;
			children = (
				F094E1441CBFB0E0005D3A1A /* audioqueueu.app */,
				F094E15D1CBFB0E0005D3A1A /* audioqueueuTests.xctest */,
			);
			name = Products;
			sourceTree = "<group>";
		};
		F094E1461CBFB0E0005D3A1A /* audioqueueu */ = {
			isa = PBXGroup;
			children = (
				F094E16C1CBFB29C005D3A1A /* xiao_xing_yun.mp3 */,
				F094E1781CC08F22005D3A1A /* AQPlayer.h */,
				F094E1791CC08F22005D3A1A /* AQPlayer.m */,
				F094E1F41CC51108005D3A1A /* AQRecorder.h */,
				F094E1F51CC51108005D3A1A /* AQRecorder.m */,
				F094E14A1CBFB0E0005D3A1A /* AppDelegate.h */,
				F094E14B1CBFB0E0005D3A1A /* AppDelegate.m */,
				F094E14D1CBFB0E0005D3A1A /* ViewController.h */,
				F094E14E1CBFB0E0005D3A1A /* ViewController.m */,
				F094E1501CBFB0E0005D3A1A /* Main.storyboard */,
				F094E1531CBFB0E0005D3A1A /* Assets.xcassets */,
				F094E1551CBFB0E0005D3A1A /* LaunchScreen.storyboard */,
				F094E1581CBFB0E0005D3A1A /* Info.plist */,
				F094E1471CBFB0E0005D3A1A /* Supporting Files */,
			);
			path = audioqueueu;
			sourceTree = "<group>";
		};
		F094E1471CBFB0E0005D3A1A /* Supporting Files */ = {
			isa = PBXGroup;
			children = (
				F094E1481CBFB0E0005D3A1A /* main.m */,
			);
			name = "Supporting Files";
			sourceTree = "<group>";
		};
		F094E1601CBFB0E0005D3A1A /* audioqueueuTests */ = {
			isa = PBXGroup;
			children = (
				F094E1611CBFB0E0005D3A1A /* audioqueueuTests.m */,
				F094E1631CBFB0E0005D3A1A /* Info.plist */,
			);
			path = audioqueueuTests;
			sourceTree = "<group>";
		};
/* End PBXGroup section */

/* Begin PBXNativeTarget section */
		F094E1431CBFB0E0005D3A1A /* audioqueueu */ = {
			isa = PBXNativeTarget;
			buildConfigurationList = F094E1661CBFB0E0005D3A1A /* Build configuration list for PBXNativeTarget "audioqueueu" */;
			buildPhases = (
				F094E1401CBFB0E0005D3A1A /* Sources */,
				F094E1411CBFB0E0005D3A1A /* Frameworks */,
				F094E1421CBFB0E0005D3A1A /* Resources */,
			);
			buildRules = (
			);
			dependencies = (
			);
			name = audioqueueu;
			productName = audioqueueu;
			productReference = F094E1441CBFB0E0005D3A1A /* audioqueueu.app */;
			productType = "com.apple.product-type.application";
		};
		F094E15C1CBFB0E0005D3A1A /* audioqueueuTests */ = {
			isa = PBXNativeTarget;
			buildConfigurationList = F094E1691CBFB0E0005D3A1A /* Build configuration list for PBXNativeTarget "audioqueueuTests" */;
			buildPhases = (
				F094E1591CBFB0E0005D3A1A /* Sources */,
				F094E15A1CBFB0E0005D3A1A /* Frameworks */,
				F094E15B1CBFB0E0005D3A1A /* Resources */,
			);
			buildRules = (
			);
			dependencies = (
				F094E15F1CBFB0E0005D3A1A /* PBXTargetDependency */,
			);
			name = audioqueueuTests;
			productName = audioqueueuTests;
			productReference = F094E15D1CBFB0E0005D3A1A /* audioqueueuTests.xctest */;
			productType = "com.apple.product-type.bundle.unit-test";
		};
/* End PBXNativeTarget section */

/* Begin PBXProject section */
		F094E13C1CBFB0E0005D3A1A /* Project object */ = {
			isa = PBXProject;
			attributes = {
				LastUpgradeCheck = 0730;
				ORGANIZATIONNAME = projm;
				TargetAttributes = {
					F094E1431CBFB0E0005D3A1A = {
						CreatedOnToolsVersion = 7.3;
					};
					F094E15C1CBFB0E0005D3A1A = {
						CreatedOnToolsVersion = 7.3;
						TestTargetID = F094E1431CBFB0E0005D3A1A;
					};
				};
			};
			buildConfigurationList = F094E13F1CBFB0E0005D3A1A /* Build configuration list for PBXProject "audioqueueu" */;
			compatibilityVersion = "Xcode 3.2";
			developmentRegion = English;
			hasScannedForEncodings = 0;
			knownRegions = (
				en,
				Base,
			);
			mainGroup = F094E13B1CBFB0E0005D3A1A;
			productRefGroup = F094E1451CBFB0E0005D3A1A /* Products */;
			projectDirPath = "";
			projectRoot = "";
			targets = (
				F094E1431CBFB0E0005D3A1A /* audioqueueu */,
				F094E15C1CBFB0E0005D3A1A /* audioqueueuTests */,
			);
		};
/* End PBXProject section */

/* Begin PBXResourcesBuildPhase section */
		F094E1421CBFB0E0005D3A1A /* Resources */ = {
			isa = PBXResourcesBuildPhase;
			buildActionMask = 2147483647;
			files = (
				F094E16D1CBFB29C005D3A1A /* xiao_xing_yun.mp3 in Resources */,
				F094E1571CBFB0E0005D3A1A /* LaunchScreen.storyboard in Resources */,
				F094E1541CBFB0E0005D3A1A /* Assets.xcassets in Resources */,
				F094E1521CBFB0E0005D3A1A /* Main.storyboard in Resources */,
			);
			runOnlyForDeploymentPostprocessing = 0;
		};
		F094E15B1CBFB0E0005D3A1A /* Resources */ = {
			isa = PBXResourcesBuildPhase;
			buildActionMask = 2147483647;
			files = (
			);
			runOnlyForDeploymentPostprocessing = 0;
		};
/* End PBXResourcesBuildPhase section */

/* Begin PBXSourcesBuildPhase section */
		F094E1401CBFB0E0005D3A1A /* Sources */ = {
			isa = PBXSourcesBuildPhase;
			buildActionMask = 2147483647;
			files = (
				F094E17A1CC08F22005D3A1A /* AQPlayer.m in Sources */,
				F094E14F1CBFB0E0005D3A1A /* ViewController.m in Sources */,
				F094E14C1CBFB0E0005D3A1A /* AppDelegate.m in Sources */,
				F094E1491CBFB0E0005D3A1A /* main.m in Sources */,
				F094E1F61CC51108005D3A1A /* AQRecorder.m in Sources */,
			);
			runOnlyForDeploymentPostprocessing = 0;
		};
		F094E1591CBFB0E0005D3A1A /* Sources */ = {
			isa = PBXSourcesBuildPhase;
			buildActionMask = 2147483647;
			files = (
				F094E1621CBFB0E0005D3A1A /* audioqueueuTests.m in Sources */,
			);
			runOnlyForDeploymentPostprocessing = 0;
		};
/* End PBXSourcesBuildPhase section */

/* Begin PBXTargetDependency section */
		F094E15F1CBFB0E0005D3A1A /* PBXTargetDependency */ = {
			isa = PBXTargetDependency;
			target = F094E1431CBFB0E0005D3A1A /* audioqueueu */;
			targetProxy = F094E15E1CBFB0E0005D3A1A /* PBXContainerItemProxy */;
		};
/* End PBXTargetDependency section */

/* Begin PBXVariantGroup section */
		F094E1501CBFB0E0005D3A1A /* Main.storyboard */ = {
			isa = PBXVariantGroup;
			children = (
				F094E1511CBFB0E0005D3A1A /* Base */,
			);
			name = Main.storyboard;
			sourceTree = "<group>";
		};
		F094E1551CBFB0E0005D3A1A /* LaunchScreen.storyboard */ = {
			isa = PBXVariantGroup;
			children = (
				F094E1561CBFB0E0005D3A1A /* Base */,
			);
			name = LaunchScreen.storyboard;
			sourceTree = "<group>";
		};
/* End PBXVariantGroup section */

/* Begin XCBuildConfiguration section */
		F094E1641CBFB0E0005D3A1A /* Debug */ = {
			isa = XCBuildConfiguration;
			buildSettings = {
				ALWAYS_SEARCH_USER_PATHS = NO;
				CLANG_ANALYZER_NONNULL = YES;
				CLANG_CXX_LANGUAGE_STANDARD = "gnu++0x";
				CLANG_CXX_LIBRARY = "libc++";
				CLANG_ENABLE_MODULES = YES;
				CLANG_ENABLE_OBJC_ARC = YES;
				CLANG_WARN_BOOL_CONVERSION = YES;
				CLANG_WARN_CONSTANT_CONVERSION = YES;
				CLANG_WARN_DIRECT_OBJC_ISA_USAGE = YES_ERROR;
				CLANG_WARN_EMPTY_BODY = YES;
				CLANG_WARN_ENUM_CONVERSION = YES;
				CLANG_WARN_INT_CONVERSION = YES;
				CLANG_WARN_OBJC_ROOT_CLASS = YES_ERROR;
				CLANG_WARN_UNREACHABLE_CODE = YES;
				CLANG_WARN__DUPLICATE_METHOD_MATCH = YES;
				"CODE_SIGN_IDENTITY[sdk=iphoneos*]" = "iPhone Developer";
				COPY_PHASE_STRIP = NO;
				DEBUG_INFORMATION_FORMAT = dwarf;
				ENABLE_STRICT_OBJC_MSGSEND = YES;
				ENABLE_TESTABILITY = YES;
				GCC_C_LANGUAGE_STANDARD = gnu99;
				GCC_DYNAMIC_NO_PIC = NO;
				GCC_NO_COMMON_BLOCKS = YES;
				GCC_OPTIMIZATION_LEVEL = 0;
				GCC_PREPROCESSOR_DEFINITIONS = (
					"DEBUG=1",
					"$(inherited)",
				);
				GCC_WARN_64_TO_32_BIT_CONVERSION = YES;
				GCC_WARN_ABOUT_RETURN_TYPE = YES_ERROR;
				GCC_WARN_UNDECLARED_SELECTOR = YES;
				GCC_WARN_UNINITIALIZED_AUTOS = YES_AGGRESSIVE;
				GCC_WARN_UNUSED_FUNCTION = YES;
				GCC_WARN_UNUSED_VARIABLE = YES;
				IPHONEOS_DEPLOYMENT_TARGET = 9.3;
				MTL_ENABLE_DEBUG_INFO = YES;
				ONLY_ACTIVE_ARCH = YES;
				SDKROOT = iphoneos;
			};
			name = Debug;
		};
		F094E1651CBFB0E0005D3A1A /* Release */ = {
			isa = XCBuildConfiguration;
			buildSettings = {
				ALWAYS_SEARCH_USER_PATHS = NO;
				CLANG_ANALYZER_NONNULL = YES;
				CLANG_CXX_LANGUAGE_STANDARD = "gnu++0x";
				CLANG_CXX_LIBRARY = "libc++";
				CLANG_ENABLE_MODULES = YES;
				CLANG_ENABLE_OBJC_ARC = YES;
				CLANG_WARN_BOOL_CONVERSION = YES;
				CLANG_WARN_CONSTANT_CONVERSION = YES;
				CLANG_WARN_DIRECT_OBJC_ISA_USAGE = YES_ERROR;
				CLANG_WARN_EMPTY_BODY = YES;
				CLANG_WARN_ENUM_CONVERSION = YES;
				CLANG_WARN_INT_CONVERSION = YES;
				CLANG_WARN_OBJC_ROOT_CLASS = YES_ERROR;
				CLANG_WARN_UNREACHABLE_CODE = YES;
				CLANG_WARN__DUPLICATE_METHOD_MATCH = YES;
				"CODE_SIGN_IDENTITY[sdk=iphoneos*]" = "iPhone Developer";
				COPY_PHASE_STRIP = NO;
				DEBUG_INFORMATION_FORMAT = "dwarf-with-dsym";
				ENABLE_NS_ASSERTIONS = NO;
				ENABLE_STRICT_OBJC_MSGSEND = YES;
				GCC_C_LANGUAGE_STANDARD = gnu99;
				GCC_NO_COMMON_BLOCKS = YES;
				GCC_WARN_64_TO_32_BIT_CONVERSION = YES;
				GCC_WARN_ABOUT_RETURN_TYPE = YES_ERROR;
				GCC_WARN_UNDECLARED_SELECTOR = YES;
				GCC_WARN_UNINITIALIZED_AUTOS = YES_AGGRESSIVE;
				GCC_WARN_UNUSED_FUNCTION = YES;
				GCC_WARN_UNUSED_VARIABLE = YES;
				IPHONEOS_DEPLOYMENT_TARGET = 9.3;
				MTL_ENABLE_DEBUG_INFO = NO;
				SDKROOT = iphoneos;
				VALIDATE_PRODUCT = YES;
			};
			name = Release;
		};
		F094E1671CBFB0E0005D3A1A /* Debug */ = {
			isa = XCBuildConfiguration;
			buildSettings = {
				ASSETCATALOG_COMPILER_APPICON_NAME = AppIcon;
				INFOPLIST_FILE = audioqueueu/Info.plist;
				IPHONEOS_DEPLOYMENT_TARGET = 7.0;
				LD_RUNPATH_SEARCH_PATHS = "$(inherited) @executable_path/Frameworks";
				PRODUCT_BUNDLE_IDENTIFIER = club.projm.cz.audioqueueu;
				PRODUCT_NAME = "$(TARGET_NAME)";
			};
			name = Debug;
		};
		F094E1681CBFB0E0005D3A1A /* Release */ = {
			isa = XCBuildConfiguration;
			buildSettings = {
				ASSETCATALOG_COMPILER_APPICON_NAME = AppIcon;
				INFOPLIST_FILE = audioqueueu/Info.plist;
				IPHONEOS_DEPLOYMENT_TARGET = 7.0;
				LD_RUNPATH_SEARCH_PATHS = "$(inherited) @executable_path/Frameworks";
				PRODUCT_BUNDLE_IDENTIFIER = club.projm.cz.audioqueueu;
				PRODUCT_NAME = "$(TARGET_NAME)";
			};
			name = Release;
		};
		F094E16A1CBFB0E0005D3A1A /* Debug */ = {
			isa = XCBuildConfiguration;
			buildSettings = {
				BUNDLE_LOADER = "$(TEST_HOST)";
				INFOPLIST_FILE = audioqueueuTests/Info.plist;
				LD_RUNPATH_SEARCH_PATHS = "$(inherited) @executable_path/Frameworks @loader_path/Frameworks";
				PRODUCT_BUNDLE_IDENTIFIER = club.projm.cz.audioqueueuTests;
				PRODUCT_NAME = "$(TARGET_NAME)";
				TEST_HOST = "$(BUILT_PRODUCTS_DIR)/audioqueueu.app/audioqueueu";
			};
			name = Debug;
		};
		F094E16B1CBFB0E0005D3A1A /* Release */ = {
			isa = XCBuildConfiguration;
			buildSettings = {
				BUNDLE_LOADER = "$(TEST_HOST)";
				INFOPLIST_FILE = audioqueueuTests/Info.plist;
				LD_RUNPATH_SEARCH_PATHS = "$(inherited) @executable_path/Frameworks @loader_path/Frameworks";
				PRODUCT_BUNDLE_IDENTIFIER = club.projm.cz.audioqueueuTests;
				PRODUCT_NAME = "$(TARGET_NAME)";
				TEST_HOST = "$(BUILT_PRODUCTS_DIR)/audioqueueu.app/audioqueueu";
			};
			name = Release;
		};
/* End XCBuildConfiguration section */

/* Begin XCConfigurationList section */
		F094E13F1CBFB0E0005D3A1A /* Build configuration list for PBXProject "audioqueueu" */ = {
			isa = XCConfigurationList;
			buildConfigurations = (
				F094E1641CBFB0E0005D3A1A /* Debug */,
				F094E1651CBFB0E0005D3A1A /* Release */,
			);
			defaultConfigurationIsVisible = 0;
			defaultConfigurationName = Release;
		};
		F094E1661CBFB0E0005D3A1A /* Build configuration list for PBXNativeTarget "audioqueueu" */ = {
			isa = XCConfigurationList;
			buildConfigurations = (
				F094E1671CBFB0E0005D3A1A /* Debug */,
				F094E1681CBFB0E0005D3A1A /* Release */,
			);
			defaultConfigurationIsVisible = 0;
			defaultConfigurationName = Release;
		};
		F094E1691CBFB0E0005D3A1A /* Build configuration list for PBXNativeTarget "audioqueueuTests" */ = {
			isa = XCConfigurationList;
			buildConfigurations = (
				F094E16A1CBFB0E0005D3A1A /* Debug */,
				F094E16B1CBFB0E0005D3A1A /* Release */,
			);
			defaultConfigurationIsVisible = 0;
			defaultConfigurationName = Release;
		};
/* End XCConfigurationList section */
	};
	rootObject = F094E13C1CBFB0E0005D3A1A /* Project object */;
}
